// !$*UTF8*$!
{
	archiveVersion = 1;
	classes = {
	};
	objectVersion = 55;
	objects = {

/* Begin PBXBuildFile section */
		DFB37C0F2805E59B005C0C7C /* VideoTVClassApp.swift in Sources */ = {isa = PBXBuildFile; fileRef = DFB37C0E2805E59B005C0C7C /* VideoTVClassApp.swift */; };
		DFB37C112805E59B005C0C7C /* ContentView.swift in Sources */ = {isa = PBXBuildFile; fileRef = DFB37C102805E59B005C0C7C /* ContentView.swift */; };
		DFB37C132805E59F005C0C7C /* Assets.xcassets in Resources */ = {isa = PBXBuildFile; fileRef = DFB37C122805E59F005C0C7C /* Assets.xcassets */; };
		DFB37C162805E59F005C0C7C /* Preview Assets.xcassets in Resources */ = {isa = PBXBuildFile; fileRef = DFB37C152805E59F005C0C7C /* Preview Assets.xcassets */; };
		DFB37C1D2805E6A8005C0C7C /* Video.swift in Sources */ = {isa = PBXBuildFile; fileRef = DFB37C1C2805E6A8005C0C7C /* Video.swift */; };
		DFB37C202805E97D005C0C7C /* Category.swift in Sources */ = {isa = PBXBuildFile; fileRef = DFB37C1F2805E97D005C0C7C /* Category.swift */; };
		DFB37C222805EC76005C0C7C /* DataProvider.swift in Sources */ = {isa = PBXBuildFile; fileRef = DFB37C212805EC76005C0C7C /* DataProvider.swift */; };
		DFB37C242805EDD2005C0C7C /* CategoryProvider.swift in Sources */ = {isa = PBXBuildFile; fileRef = DFB37C232805EDD2005C0C7C /* CategoryProvider.swift */; };
		DFB37C272805F2CC005C0C7C /* TVButton.swift in Sources */ = {isa = PBXBuildFile; fileRef = DFB37C262805F2CC005C0C7C /* TVButton.swift */; };
		DFB37C292805F4DA005C0C7C /* VideoThumbnail.swift in Sources */ = {isa = PBXBuildFile; fileRef = DFB37C282805F4DA005C0C7C /* VideoThumbnail.swift */; };
		DFB37C2B2805F73C005C0C7C /* CategoryRow.swift in Sources */ = {isa = PBXBuildFile; fileRef = DFB37C2A2805F73C005C0C7C /* CategoryRow.swift */; };
		DFB37C2D2805F9B8005C0C7C /* VideoDetail.swift in Sources */ = {isa = PBXBuildFile; fileRef = DFB37C2C2805F9B8005C0C7C /* VideoDetail.swift */; };
		DFB37C2F2805FB97005C0C7C /* CategoryListView.swift in Sources */ = {isa = PBXBuildFile; fileRef = DFB37C2E2805FB97005C0C7C /* CategoryListView.swift */; };
/* End PBXBuildFile section */

/* Begin PBXFileReference section */
		DFB37C0B2805E59B005C0C7C /* VideoTVClass.app */ = {isa = PBXFileReference; explicitFileType = wrapper.application; includeInIndex = 0; path = VideoTVClass.app; sourceTree = BUILT_PRODUCTS_DIR; };
		DFB37C0E2805E59B005C0C7C /* VideoTVClassApp.swift */ = {isa = PBXFileReference; lastKnownFileType = sourcecode.swift; path = VideoTVClassApp.swift; sourceTree = "<group>"; };
		DFB37C102805E59B005C0C7C /* ContentView.swift */ = {isa = PBXFileReference; lastKnownFileType = sourcecode.swift; path = ContentView.swift; sourceTree = "<group>"; };
		DFB37C122805E59F005C0C7C /* Assets.xcassets */ = {isa = PBXFileReference; lastKnownFileType = folder.assetcatalog; path = Assets.xcassets; sourceTree = "<group>"; };
		DFB37C152805E59F005C0C7C /* Preview Assets.xcassets */ = {isa = PBXFileReference; lastKnownFileType = folder.assetcatalog; path = "Preview Assets.xcassets"; sourceTree = "<group>"; };
		DFB37C1C2805E6A8005C0C7C /* Video.swift */ = {isa = PBXFileReference; lastKnownFileType = sourcecode.swift; path = Video.swift; sourceTree = "<group>"; };
		DFB37C1F2805E97D005C0C7C /* Category.swift */ = {isa = PBXFileReference; lastKnownFileType = sourcecode.swift; path = Category.swift; sourceTree = "<group>"; };
		DFB37C212805EC76005C0C7C /* DataProvider.swift */ = {isa = PBXFileReference; lastKnownFileType = sourcecode.swift; path = DataProvider.swift; sourceTree = "<group>"; };
		DFB37C232805EDD2005C0C7C /* CategoryProvider.swift */ = {isa = PBXFileReference; lastKnownFileType = sourcecode.swift; path = CategoryProvider.swift; sourceTree = "<group>"; };
		DFB37C262805F2CC005C0C7C /* TVButton.swift */ = {isa = PBXFileReference; lastKnownFileType = sourcecode.swift; path = TVButton.swift; sourceTree = "<group>"; };
		DFB37C282805F4DA005C0C7C /* VideoThumbnail.swift */ = {isa = PBXFileReference; lastKnownFileType = sourcecode.swift; path = VideoThumbnail.swift; sourceTree = "<group>"; };
		DFB37C2A2805F73C005C0C7C /* CategoryRow.swift */ = {isa = PBXFileReference; lastKnownFileType = sourcecode.swift; path = CategoryRow.swift; sourceTree = "<group>"; };
		DFB37C2C2805F9B8005C0C7C /* VideoDetail.swift */ = {isa = PBXFileReference; lastKnownFileType = sourcecode.swift; path = VideoDetail.swift; sourceTree = "<group>"; };
		DFB37C2E2805FB97005C0C7C /* CategoryListView.swift */ = {isa = PBXFileReference; lastKnownFileType = sourcecode.swift; path = CategoryListView.swift; sourceTree = "<group>"; };
/* End PBXFileReference section */

/* Begin PBXFrameworksBuildPhase section */
		DFB37C082805E59B005C0C7C /* Frameworks */ = {
			isa = PBXFrameworksBuildPhase;
			buildActionMask = 2147483647;
			files = (
			);
			runOnlyForDeploymentPostprocessing = 0;
		};
/* End PBXFrameworksBuildPhase section */

/* Begin PBXGroup section */
		DFB37C022805E59B005C0C7C = {
			isa = PBXGroup;
			children = (
				DFB37C0D2805E59B005C0C7C /* VideoTVClass */,
				DFB37C0C2805E59B005C0C7C /* Products */,
			);
			sourceTree = "<group>";
		};
		DFB37C0C2805E59B005C0C7C /* Products */ = {
			isa = PBXGroup;
			children = (
				DFB37C0B2805E59B005C0C7C /* VideoTVClass.app */,
			);
			name = Products;
			sourceTree = "<group>";
		};
		DFB37C0D2805E59B005C0C7C /* VideoTVClass */ = {
			isa = PBXGroup;
			children = (
				DFB37C252805F2AA005C0C7C /* View */,
				DFB37C1E2805E6AC005C0C7C /* Model */,
				DFB37C0E2805E59B005C0C7C /* VideoTVClassApp.swift */,
				DFB37C102805E59B005C0C7C /* ContentView.swift */,
				DFB37C122805E59F005C0C7C /* Assets.xcassets */,
				DFB37C142805E59F005C0C7C /* Preview Content */,
			);
			path = VideoTVClass;
			sourceTree = "<group>";
		};
		DFB37C142805E59F005C0C7C /* Preview Content */ = {
			isa = PBXGroup;
			children = (
				DFB37C152805E59F005C0C7C /* Preview Assets.xcassets */,
			);
			path = "Preview Content";
			sourceTree = "<group>";
		};
		DFB37C1E2805E6AC005C0C7C /* Model */ = {
			isa = PBXGroup;
			children = (
				DFB37C1C2805E6A8005C0C7C /* Video.swift */,
				DFB37C1F2805E97D005C0C7C /* Category.swift */,
				DFB37C212805EC76005C0C7C /* DataProvider.swift */,
				DFB37C232805EDD2005C0C7C /* CategoryProvider.swift */,
			);
			path = Model;
			sourceTree = "<group>";
		};
		DFB37C252805F2AA005C0C7C /* View */ = {
			isa = PBXGroup;
			children = (
				DFB37C262805F2CC005C0C7C /* TVButton.swift */,
				DFB37C282805F4DA005C0C7C /* VideoThumbnail.swift */,
				DFB37C2A2805F73C005C0C7C /* CategoryRow.swift */,
				DFB37C2C2805F9B8005C0C7C /* VideoDetail.swift */,
				DFB37C2E2805FB97005C0C7C /* CategoryListView.swift */,
			);
			path = View;
			sourceTree = "<group>";
		};
/* End PBXGroup section */

/* Begin PBXNativeTarget section */
		DFB37C0A2805E59B005C0C7C /* VideoTVClass */ = {
			isa = PBXNativeTarget;
			buildConfigurationList = DFB37C192805E59F005C0C7C /* Build configuration list for PBXNativeTarget "VideoTVClass" */;
			buildPhases = (
				DFB37C072805E59B005C0C7C /* Sources */,
				DFB37C082805E59B005C0C7C /* Frameworks */,
				DFB37C092805E59B005C0C7C /* Resources */,
			);
			buildRules = (
			);
			dependencies = (
			);
			name = VideoTVClass;
			productName = VideoTVClass;
			productReference = DFB37C0B2805E59B005C0C7C /* VideoTVClass.app */;
			productType = "com.apple.product-type.application";
		};
/* End PBXNativeTarget section */

/* Begin PBXProject section */
		DFB37C032805E59B005C0C7C /* Project object */ = {
			isa = PBXProject;
			attributes = {
				BuildIndependentTargetsInParallel = 1;
				LastSwiftUpdateCheck = 1330;
				LastUpgradeCheck = 1330;
				TargetAttributes = {
					DFB37C0A2805E59B005C0C7C = {
						CreatedOnToolsVersion = 13.3;
					};
				};
			};
			buildConfigurationList = DFB37C062805E59B005C0C7C /* Build configuration list for PBXProject "VideoTVClass" */;
			compatibilityVersion = "Xcode 13.0";
			developmentRegion = en;
			hasScannedForEncodings = 0;
			knownRegions = (
				en,
				Base,
			);
			mainGroup = DFB37C022805E59B005C0C7C;
			productRefGroup = DFB37C0C2805E59B005C0C7C /* Products */;
			projectDirPath = "";
			projectRoot = "";
			targets = (
				DFB37C0A2805E59B005C0C7C /* VideoTVClass */,
			);
		};
/* End PBXProject section */

/* Begin PBXResourcesBuildPhase section */
		DFB37C092805E59B005C0C7C /* Resources */ = {
			isa = PBXResourcesBuildPhase;
			buildActionMask = 2147483647;
			files = (
				DFB37C162805E59F005C0C7C /* Preview Assets.xcassets in Resources */,
				DFB37C132805E59F005C0C7C /* Assets.xcassets in Resources */,
			);
			runOnlyForDeploymentPostprocessing = 0;
		};
/* End PBXResourcesBuildPhase section */

/* Begin PBXSourcesBuildPhase section */
		DFB37C072805E59B005C0C7C /* Sources */ = {
			isa = PBXSourcesBuildPhase;
			buildActionMask = 2147483647;
			files = (
				DFB37C272805F2CC005C0C7C /* TVButton.swift in Sources */,
				DFB37C242805EDD2005C0C7C /* CategoryProvider.swift in Sources */,
				DFB37C2F2805FB97005C0C7C /* CategoryListView.swift in Sources */,
				DFB37C292805F4DA005C0C7C /* VideoThumbnail.swift in Sources */,
				DFB37C112805E59B005C0C7C /* ContentView.swift in Sources */,
				DFB37C1D2805E6A8005C0C7C /* Video.swift in Sources */,
				DFB37C222805EC76005C0C7C /* DataProvider.swift in Sources */,
				DFB37C2D2805F9B8005C0C7C /* VideoDetail.swift in Sources */,
				DFB37C0F2805E59B005C0C7C /* VideoTVClassApp.swift in Sources */,
				DFB37C2B2805F73C005C0C7C /* CategoryRow.swift in Sources */,
				DFB37C202805E97D005C0C7C /* Category.swift in Sources */,
			);
			runOnlyForDeploymentPostprocessing = 0;
		};
/* End PBXSourcesBuildPhase section */

/* Begin XCBuildConfiguration section */
		DFB37C172805E59F005C0C7C /* Debug */ = {
			isa = XCBuildConfiguration;
			buildSettings = {
				ALWAYS_SEARCH_USER_PATHS = NO;
				CLANG_ANALYZER_NONNULL = YES;
				CLANG_ANALYZER_NUMBER_OBJECT_CONVERSION = YES_AGGRESSIVE;
				CLANG_CXX_LANGUAGE_STANDARD = "gnu++17";
				CLANG_ENABLE_MODULES = YES;
				CLANG_ENABLE_OBJC_ARC = YES;
				CLANG_ENABLE_OBJC_WEAK = YES;
				CLANG_WARN_BLOCK_CAPTURE_AUTORELEASING = YES;
				CLANG_WARN_BOOL_CONVERSION = YES;
				CLANG_WARN_COMMA = YES;
				CLANG_WARN_CONSTANT_CONVERSION = YES;
				CLANG_WARN_DEPRECATED_OBJC_IMPLEMENTATIONS = YES;
				CLANG_WARN_DIRECT_OBJC_ISA_USAGE = YES_ERROR;
				CLANG_WARN_DOCUMENTATION_COMMENTS = YES;
				CLANG_WARN_EMPTY_BODY = YES;
				CLANG_WARN_ENUM_CONVERSION = YES;
				CLANG_WARN_INFINITE_RECURSION = YES;
				CLANG_WARN_INT_CONVERSION = YES;
				CLANG_WARN_NON_LITERAL_NULL_CONVERSION = YES;
				CLANG_WARN_OBJC_IMPLICIT_RETAIN_SELF = YES;
				CLANG_WARN_OBJC_LITERAL_CONVERSION = YES;
				CLANG_WARN_OBJC_ROOT_CLASS = YES_ERROR;
				CLANG_WARN_QUOTED_INCLUDE_IN_FRAMEWORK_HEADER = YES;
				CLANG_WARN_RANGE_LOOP_ANALYSIS = YES;
				CLANG_WARN_STRICT_PROTOTYPES = YES;
				CLANG_WARN_SUSPICIOUS_MOVE = YES;
				CLANG_WARN_UNGUARDED_AVAILABILITY = YES_AGGRESSIVE;
				CLANG_WARN_UNREACHABLE_CODE = YES;
				CLANG_WARN__DUPLICATE_METHOD_MATCH = YES;
				COPY_PHASE_STRIP = NO;
				DEBUG_INFORMATION_FORMAT = dwarf;
				ENABLE_STRICT_OBJC_MSGSEND = YES;
				ENABLE_TESTABILITY = YES;
				GCC_C_LANGUAGE_STANDARD = gnu11;
				GCC_DYNAMIC_NO_PIC = NO;
				GCC_NO_COMMON_BLOCKS = YES;
				GCC_OPTIMIZATION_LEVEL = 0;
				GCC_PREPROCESSOR_DEFINITIONS = (
					"DEBUG=1",
					"$(inherited)",
				);
				GCC_WARN_64_TO_32_BIT_CONVERSION = YES;
				GCC_WARN_ABOUT_RETURN_TYPE = YES_ERROR;
				GCC_WARN_UNDECLARED_SELECTOR = YES;
				GCC_WARN_UNINITIALIZED_AUTOS = YES_AGGRESSIVE;
				GCC_WARN_UNUSED_FUNCTION = YES;
				GCC_WARN_UNUSED_VARIABLE = YES;
				MTL_ENABLE_DEBUG_INFO = INCLUDE_SOURCE;
				MTL_FAST_MATH = YES;
				ONLY_ACTIVE_ARCH = YES;
				SDKROOT = appletvos;
				SWIFT_ACTIVE_COMPILATION_CONDITIONS = DEBUG;
				SWIFT_OPTIMIZATION_LEVEL = "-Onone";
				TVOS_DEPLOYMENT_TARGET = 15.4;
			};
			name = Debug;
		};
		DFB37C182805E59F005C0C7C /* Release */ = {
			isa = XCBuildConfiguration;
			buildSettings = {
				ALWAYS_SEARCH_USER_PATHS = NO;
				CLANG_ANALYZER_NONNULL = YES;
				CLANG_ANALYZER_NUMBER_OBJECT_CONVERSION = YES_AGGRESSIVE;
				CLANG_CXX_LANGUAGE_STANDARD = "gnu++17";
				CLANG_ENABLE_MODULES = YES;
				CLANG_ENABLE_OBJC_ARC = YES;
				CLANG_ENABLE_OBJC_WEAK = YES;
				CLANG_WARN_BLOCK_CAPTURE_AUTORELEASING = YES;
				CLANG_WARN_BOOL_CONVERSION = YES;
				CLANG_WARN_COMMA = YES;
				CLANG_WARN_CONSTANT_CONVERSION = YES;
				CLANG_WARN_DEPRECATED_OBJC_IMPLEMENTATIONS = YES;
				CLANG_WARN_DIRECT_OBJC_ISA_USAGE = YES_ERROR;
				CLANG_WARN_DOCUMENTATION_COMMENTS = YES;
				CLANG_WARN_EMPTY_BODY = YES;
				CLANG_WARN_ENUM_CONVERSION = YES;
				CLANG_WARN_INFINITE_RECURSION = YES;
				CLANG_WARN_INT_CONVERSION = YES;
				CLANG_WARN_NON_LITERAL_NULL_CONVERSION = YES;
				CLANG_WARN_OBJC_IMPLICIT_RETAIN_SELF = YES;
				CLANG_WARN_OBJC_LITERAL_CONVERSION = YES;
				CLANG_WARN_OBJC_ROOT_CLASS = YES_ERROR;
				CLANG_WARN_QUOTED_INCLUDE_IN_FRAMEWORK_HEADER = YES;
				CLANG_WARN_RANGE_LOOP_ANALYSIS = YES;
				CLANG_WARN_STRICT_PROTOTYPES = YES;
				CLANG_WARN_SUSPICIOUS_MOVE = YES;
				CLANG_WARN_UNGUARDED_AVAILABILITY = YES_AGGRESSIVE;
				CLANG_WARN_UNREACHABLE_CODE = YES;
				CLANG_WARN__DUPLICATE_METHOD_MATCH = YES;
				COPY_PHASE_STRIP = NO;
				DEBUG_INFORMATION_FORMAT = "dwarf-with-dsym";
				ENABLE_NS_ASSERTIONS = NO;
				ENABLE_STRICT_OBJC_MSGSEND = YES;
				GCC_C_LANGUAGE_STANDARD = gnu11;
				GCC_NO_COMMON_BLOCKS = YES;
				GCC_WARN_64_TO_32_BIT_CONVERSION = YES;
				GCC_WARN_ABOUT_RETURN_TYPE = YES_ERROR;
				GCC_WARN_UNDECLARED_SELECTOR = YES;
				GCC_WARN_UNINITIALIZED_AUTOS = YES_AGGRESSIVE;
				GCC_WARN_UNUSED_FUNCTION = YES;
				GCC_WARN_UNUSED_VARIABLE = YES;
				MTL_ENABLE_DEBUG_INFO = NO;
				MTL_FAST_MATH = YES;
				SDKROOT = appletvos;
				SWIFT_COMPILATION_MODE = wholemodule;
				SWIFT_OPTIMIZATION_LEVEL = "-O";
				TVOS_DEPLOYMENT_TARGET = 15.4;
				VALIDATE_PRODUCT = YES;
			};
			name = Release;
		};
		DFB37C1A2805E59F005C0C7C /* Debug */ = {
			isa = XCBuildConfiguration;
			buildSettings = {
				ASSETCATALOG_COMPILER_APPICON_NAME = "App Icon & Top Shelf Image";
				ASSETCATALOG_COMPILER_GLOBAL_ACCENT_COLOR_NAME = AccentColor;
				CODE_SIGN_STYLE = Automatic;
				CURRENT_PROJECT_VERSION = 1;
				DEVELOPMENT_ASSET_PATHS = "\"VideoTVClass/Preview Content\"";
				DEVELOPMENT_TEAM = TX88D8XM39;
				ENABLE_PREVIEWS = YES;
				GENERATE_INFOPLIST_FILE = YES;
				INFOPLIST_KEY_UILaunchScreen_Generation = YES;
				INFOPLIST_KEY_UIUserInterfaceStyle = Automatic;
				LD_RUNPATH_SEARCH_PATHS = (
					"$(inherited)",
					"@executable_path/Frameworks",
				);
				MARKETING_VERSION = 1.0;
				PRODUCT_BUNDLE_IDENTIFIER = lucaHummel.VideoTVClass;
				PRODUCT_NAME = "$(TARGET_NAME)";
				SWIFT_EMIT_LOC_STRINGS = YES;
				SWIFT_VERSION = 5.0;
				TARGETED_DEVICE_FAMILY = 3;
			};
			name = Debug;
		};
		DFB37C1B2805E59F005C0C7C /* Release */ = {
			isa = XCBuildConfiguration;
			buildSettings = {
				ASSETCATALOG_COMPILER_APPICON_NAME = "App Icon & Top Shelf Image";
				ASSETCATALOG_COMPILER_GLOBAL_ACCENT_COLOR_NAME = AccentColor;
				CODE_SIGN_STYLE = Automatic;
				CURRENT_PROJECT_VERSION = 1;
				DEVELOPMENT_ASSET_PATHS = "\"VideoTVClass/Preview Content\"";
				DEVELOPMENT_TEAM = TX88D8XM39;
				ENABLE_PREVIEWS = YES;
				GENERATE_INFOPLIST_FILE = YES;
				INFOPLIST_KEY_UILaunchScreen_Generation = YES;
				INFOPLIST_KEY_UIUserInterfaceStyle = Automatic;
				LD_RUNPATH_SEARCH_PATHS = (
					"$(inherited)",
					"@executable_path/Frameworks",
				);
				MARKETING_VERSION = 1.0;
				PRODUCT_BUNDLE_IDENTIFIER = lucaHummel.VideoTVClass;
				PRODUCT_NAME = "$(TARGET_NAME)";
				SWIFT_EMIT_LOC_STRINGS = YES;
				SWIFT_VERSION = 5.0;
				TARGETED_DEVICE_FAMILY = 3;
			};
			name = Release;
		};
/* End XCBuildConfiguration section */

/* Begin XCConfigurationList section */
		DFB37C062805E59B005C0C7C /* Build configuration list for PBXProject "VideoTVClass" */ = {
			isa = XCConfigurationList;
			buildConfigurations = (
				DFB37C172805E59F005C0C7C /* Debug */,
				DFB37C182805E59F005C0C7C /* Release */,
			);
			defaultConfigurationIsVisible = 0;
			defaultConfigurationName = Release;
		};
		DFB37C192805E59F005C0C7C /* Build configuration list for PBXNativeTarget "VideoTVClass" */ = {
			isa = XCConfigurationList;
			buildConfigurations = (
				DFB37C1A2805E59F005C0C7C /* Debug */,
				DFB37C1B2805E59F005C0C7C /* Release */,
			);
			defaultConfigurationIsVisible = 0;
			defaultConfigurationName = Release;
		};
/* End XCConfigurationList section */
	};
	rootObject = DFB37C032805E59B005C0C7C /* Project object */;
}
